
Microsoft Visual Studio Solution File, Format Version 12.00
# Visual Studio 15
VisualStudioVersion = 15.0.26730.16
MinimumVisualStudioVersion = 10.0.40219.1
Project("{FAE04EC0-301F-11D3-BF4B-00C04F79EFBC}") = "DotNetCore.Selenium.WebControls", "DotNetCore.Selenium.WebControls\DotNetCore.Selenium.WebControls.csproj", "{FE9B0C7F-0297-483E-AD5A-E40A4525D108}"
EndProject
Global
	GlobalSection(SolutionConfigurationPlatforms) = preSolution
		Debug|Any CPU = Debug|Any CPU
		Release|Any CPU = Release|Any CPU
	EndGlobalSection
	GlobalSection(ProjectConfigurationPlatforms) = postSolution
		{FE9B0C7F-0297-483E-AD5A-E40A4525D108}.Debug|Any CPU.ActiveCfg = Debug|Any CPU
		{FE9B0C7F-0297-483E-AD5A-E40A4525D108}.Debug|Any CPU.Build.0 = Debug|Any CPU
		{FE9B0C7F-0297-483E-AD5A-E40A4525D108}.Release|Any CPU.ActiveCfg = Release|Any CPU
		{FE9B0C7F-0297-483E-AD5A-E40A4525D108}.Release|Any CPU.Build.0 = Release|Any CPU
	EndGlobalSection
	GlobalSection(SolutionProperties) = preSolution
		HideSolutionNode = FALSE
	EndGlobalSection
	GlobalSection(ExtensibilityGlobals) = postSolution
		SolutionGuid = {C3B5F01F-233F-4D6A-8355-C34311E43DF6}
	EndGlobalSection
EndGlobal
