
Microsoft Visual Studio Solution File, Format Version 12.00
# Visual Studio 15
VisualStudioVersion = 15.0.26730.16
MinimumVisualStudioVersion = 10.0.40219.1
Project("{9A19103F-16F7-4668-BE54-9A1E7A4F7556}") = "Selenium.WebControls", "Selenium.WebControls\Selenium.WebControls.csproj", "{FE9B0C7F-0297-483E-AD5A-E40A4525D108}"
EndProject
Project("{9A19103F-16F7-4668-BE54-9A1E7A4F7556}") = "Dev.Utils", "..\Dev.Utils\Dev.Utils\Dev.Utils.csproj", "{AE2D255F-B2A3-4735-AB3F-75E1F0982834}"
EndProject
Project("{9A19103F-16F7-4668-BE54-9A1E7A4F7556}") = "Selenium.WebControls.MSUnit", "Selenium.WebControls.MSUnit\Selenium.WebControls.MSUnit.csproj", "{A5A85F28-94DB-42DA-A7AE-02D93368F12D}"
EndProject
Project("{9A19103F-16F7-4668-BE54-9A1E7A4F7556}") = "Selenium.WebControls.CaseGeneration", "Selenium.WebControls.CaseGeneration\Selenium.WebControls.CaseGeneration.csproj", "{0B615122-E6C7-4E9F-B595-471B0219E960}"
EndProject
Project("{9A19103F-16F7-4668-BE54-9A1E7A4F7556}") = "Selenium.WebControls.NUnit", "Selenium.WebControls.NUnit\Selenium.WebControls.NUnit.csproj", "{2E8D20B8-9213-453D-B7FC-CAD9870344B5}"
EndProject
Project("{9A19103F-16F7-4668-BE54-9A1E7A4F7556}") = "Selenium.WebControls.Localization", "Selenium.WebControls.Localization\Selenium.WebControls.Localization.csproj", "{34D2917E-36AC-42B2-9864-47BFDD91356F}"
EndProject
Project("{9A19103F-16F7-4668-BE54-9A1E7A4F7556}") = "Selenium.WebControls.Test", "Selenium.WebControls.Test\Selenium.WebControls.Test.csproj", "{9A1A4DCF-EF04-40AE-9456-3F3A27347A40}"
EndProject
Global
	GlobalSection(SolutionConfigurationPlatforms) = preSolution
		Debug|Any CPU = Debug|Any CPU
		Release|Any CPU = Release|Any CPU
	EndGlobalSection
	GlobalSection(ProjectConfigurationPlatforms) = postSolution
		{FE9B0C7F-0297-483E-AD5A-E40A4525D108}.Debug|Any CPU.ActiveCfg = Debug|Any CPU
		{FE9B0C7F-0297-483E-AD5A-E40A4525D108}.Debug|Any CPU.Build.0 = Debug|Any CPU
		{FE9B0C7F-0297-483E-AD5A-E40A4525D108}.Release|Any CPU.ActiveCfg = Release|Any CPU
		{FE9B0C7F-0297-483E-AD5A-E40A4525D108}.Release|Any CPU.Build.0 = Release|Any CPU
		{AE2D255F-B2A3-4735-AB3F-75E1F0982834}.Debug|Any CPU.ActiveCfg = Debug|Any CPU
		{AE2D255F-B2A3-4735-AB3F-75E1F0982834}.Debug|Any CPU.Build.0 = Debug|Any CPU
		{AE2D255F-B2A3-4735-AB3F-75E1F0982834}.Release|Any CPU.ActiveCfg = Release|Any CPU
		{AE2D255F-B2A3-4735-AB3F-75E1F0982834}.Release|Any CPU.Build.0 = Release|Any CPU
		{A5A85F28-94DB-42DA-A7AE-02D93368F12D}.Debug|Any CPU.ActiveCfg = Debug|Any CPU
		{A5A85F28-94DB-42DA-A7AE-02D93368F12D}.Debug|Any CPU.Build.0 = Debug|Any CPU
		{A5A85F28-94DB-42DA-A7AE-02D93368F12D}.Release|Any CPU.ActiveCfg = Release|Any CPU
		{A5A85F28-94DB-42DA-A7AE-02D93368F12D}.Release|Any CPU.Build.0 = Release|Any CPU
		{0B615122-E6C7-4E9F-B595-471B0219E960}.Debug|Any CPU.ActiveCfg = Debug|Any CPU
		{0B615122-E6C7-4E9F-B595-471B0219E960}.Debug|Any CPU.Build.0 = Debug|Any CPU
		{0B615122-E6C7-4E9F-B595-471B0219E960}.Release|Any CPU.ActiveCfg = Release|Any CPU
		{0B615122-E6C7-4E9F-B595-471B0219E960}.Release|Any CPU.Build.0 = Release|Any CPU
		{2E8D20B8-9213-453D-B7FC-CAD9870344B5}.Debug|Any CPU.ActiveCfg = Debug|Any CPU
		{2E8D20B8-9213-453D-B7FC-CAD9870344B5}.Debug|Any CPU.Build.0 = Debug|Any CPU
		{2E8D20B8-9213-453D-B7FC-CAD9870344B5}.Release|Any CPU.ActiveCfg = Release|Any CPU
		{2E8D20B8-9213-453D-B7FC-CAD9870344B5}.Release|Any CPU.Build.0 = Release|Any CPU
		{34D2917E-36AC-42B2-9864-47BFDD91356F}.Debug|Any CPU.ActiveCfg = Debug|Any CPU
		{34D2917E-36AC-42B2-9864-47BFDD91356F}.Debug|Any CPU.Build.0 = Debug|Any CPU
		{34D2917E-36AC-42B2-9864-47BFDD91356F}.Release|Any CPU.ActiveCfg = Release|Any CPU
		{34D2917E-36AC-42B2-9864-47BFDD91356F}.Release|Any CPU.Build.0 = Release|Any CPU
		{9A1A4DCF-EF04-40AE-9456-3F3A27347A40}.Debug|Any CPU.ActiveCfg = Debug|Any CPU
		{9A1A4DCF-EF04-40AE-9456-3F3A27347A40}.Debug|Any CPU.Build.0 = Debug|Any CPU
		{9A1A4DCF-EF04-40AE-9456-3F3A27347A40}.Release|Any CPU.ActiveCfg = Release|Any CPU
		{9A1A4DCF-EF04-40AE-9456-3F3A27347A40}.Release|Any CPU.Build.0 = Release|Any CPU
	EndGlobalSection
	GlobalSection(SolutionProperties) = preSolution
		HideSolutionNode = FALSE
	EndGlobalSection
	GlobalSection(ExtensibilityGlobals) = postSolution
		SolutionGuid = {C3B5F01F-233F-4D6A-8355-C34311E43DF6}
	EndGlobalSection
EndGlobal
